
Microsoft Visual Studio Solution File, Format Version 12.00
# Visual Studio Version 17
VisualStudioVersion = 17.9.34622.214
MinimumVisualStudioVersion = 10.0.40219.1
Project("{FAE04EC0-301F-11D3-BF4B-00C04F79EFBC}") = "TicTacToeCloud", "TicTacToeCloud\TicTacToeCloud.csproj", "{367DE059-DA4A-4FCC-BF4E-5D78CEE56872}"
EndProject
Global
	GlobalSection(SolutionConfigurationPlatforms) = preSolution
		Debug|Any CPU = Debug|Any CPU
		Release|Any CPU = Release|Any CPU
	EndGlobalSection
	GlobalSection(ProjectConfigurationPlatforms) = postSolution
		{367DE059-DA4A-4FCC-BF4E-5D78CEE56872}.Debug|Any CPU.ActiveCfg = Debug|Any CPU
		{367DE059-DA4A-4FCC-BF4E-5D78CEE56872}.Debug|Any CPU.Build.0 = Debug|Any CPU
		{367DE059-DA4A-4FCC-BF4E-5D78CEE56872}.Release|Any CPU.ActiveCfg = Release|Any CPU
		{367DE059-DA4A-4FCC-BF4E-5D78CEE56872}.Release|Any CPU.Build.0 = Release|Any CPU
	EndGlobalSection
	GlobalSection(SolutionProperties) = preSolution
		HideSolutionNode = FALSE
	EndGlobalSection
	GlobalSection(ExtensibilityGlobals) = postSolution
		SolutionGuid = {C716D28A-F696-4116-A0C2-D32075F159D3}
	EndGlobalSection
EndGlobal
